// !$*UTF8*$!
{
	archiveVersion = 1;
	classes = {
	};
	objectVersion = 46;
	objects = {

/* Begin PBXBuildFile section */
		2DABE78B8FDEDA5B9B54D47E /* Pods.framework in Frameworks */ = {isa = PBXBuildFile; fileRef = 7DAC4622DEF8C4C362B5E7A8 /* Pods.framework */; settings = {ATTRIBUTES = (Weak, ); }; };
		DA1D53BF1B2C88D200BD31E3 /* WRCFavoriteStationsManager.m in Sources */ = {isa = PBXBuildFile; fileRef = DA1D53BE1B2C88D200BD31E3 /* WRCFavoriteStationsManager.m */; };
		DA322EED1A8FBAD800D9CEE8 /* main.m in Sources */ = {isa = PBXBuildFile; fileRef = DA322EEC1A8FBAD800D9CEE8 /* main.m */; };
		DA322EF01A8FBAD800D9CEE8 /* AppDelegate.m in Sources */ = {isa = PBXBuildFile; fileRef = DA322EEF1A8FBAD800D9CEE8 /* AppDelegate.m */; };
		DA322EF61A8FBAD800D9CEE8 /* Main.storyboard in Resources */ = {isa = PBXBuildFile; fileRef = DA322EF41A8FBAD800D9CEE8 /* Main.storyboard */; };
		DA322EF81A8FBAD800D9CEE8 /* Images.xcassets in Resources */ = {isa = PBXBuildFile; fileRef = DA322EF71A8FBAD800D9CEE8 /* Images.xcassets */; };
		DA322F071A8FBAD800D9CEE8 /* WrightCycleTests.m in Sources */ = {isa = PBXBuildFile; fileRef = DA322F061A8FBAD800D9CEE8 /* WrightCycleTests.m */; };
		DA322F191A8FCB6A00D9CEE8 /* WRCLandingViewController.m in Sources */ = {isa = PBXBuildFile; fileRef = DA322F181A8FCB6A00D9CEE8 /* WRCLandingViewController.m */; };
		DA322F231A8FCD3100D9CEE8 /* WRCNetworkingManager.m in Sources */ = {isa = PBXBuildFile; fileRef = DA322F221A8FCD3100D9CEE8 /* WRCNetworkingManager.m */; };
		DA322F271A8FD2C600D9CEE8 /* WRCStation.m in Sources */ = {isa = PBXBuildFile; fileRef = DA322F261A8FD2C600D9CEE8 /* WRCStation.m */; };
		DA322F291A8FDEBE00D9CEE8 /* Oswald-Bold.ttf in Resources */ = {isa = PBXBuildFile; fileRef = DA322F1B1A8FCB8A00D9CEE8 /* Oswald-Bold.ttf */; };
		DA322F2A1A8FDEBE00D9CEE8 /* Oswald-Light.ttf in Resources */ = {isa = PBXBuildFile; fileRef = DA322F1C1A8FCB8A00D9CEE8 /* Oswald-Light.ttf */; };
		DA322F2B1A8FDEBE00D9CEE8 /* Oswald-Regular.ttf in Resources */ = {isa = PBXBuildFile; fileRef = DA322F1D1A8FCB8A00D9CEE8 /* Oswald-Regular.ttf */; };
		DA322F2C1A8FDEE600D9CEE8 /* LaunchScreen.xib in Resources */ = {isa = PBXBuildFile; fileRef = DA322EF91A8FBAD800D9CEE8 /* LaunchScreen.xib */; };
		DA82508A1A98EE0E006717E4 /* WRCInterappURLManager.m in Sources */ = {isa = PBXBuildFile; fileRef = DA8250891A98EE0E006717E4 /* WRCInterappURLManager.m */; };
		DA8250901A98FE5C006717E4 /* NSURL+WRCAdditions.m in Sources */ = {isa = PBXBuildFile; fileRef = DA82508F1A98FE5C006717E4 /* NSURL+WRCAdditions.m */; };
		DA86EB851A9007A0002C1FE6 /* WRCViewController.m in Sources */ = {isa = PBXBuildFile; fileRef = DA86EB841A9007A0002C1FE6 /* WRCViewController.m */; };
		DA86EB891A900E6C002C1FE6 /* MKMapView+WRCAdditions.m in Sources */ = {isa = PBXBuildFile; fileRef = DA86EB881A900E6C002C1FE6 /* MKMapView+WRCAdditions.m */; };
		DA86EB8E1A9011A7002C1FE6 /* WRCStationsMapViewHandler.m in Sources */ = {isa = PBXBuildFile; fileRef = DA86EB8D1A9011A7002C1FE6 /* WRCStationsMapViewHandler.m */; };
		DA86EB951A9017C4002C1FE6 /* WRCStationAnnotationView.m in Sources */ = {isa = PBXBuildFile; fileRef = DA86EB941A9017C4002C1FE6 /* WRCStationAnnotationView.m */; };
		DA86EB991A9035C9002C1FE6 /* WRCStationDetailsViewController.m in Sources */ = {isa = PBXBuildFile; fileRef = DA86EB981A9035C9002C1FE6 /* WRCStationDetailsViewController.m */; };
		DA86EB9D1A904956002C1FE6 /* WRCStationDetailsMapViewHandler.m in Sources */ = {isa = PBXBuildFile; fileRef = DA86EB9C1A904956002C1FE6 /* WRCStationDetailsMapViewHandler.m */; };
		DA9367681A9000830047578C /* WRCStationsMapViewController.m in Sources */ = {isa = PBXBuildFile; fileRef = DA9367671A9000830047578C /* WRCStationsMapViewController.m */; };
		DA93676A1A9000A20047578C /* MapKit.framework in Frameworks */ = {isa = PBXBuildFile; fileRef = DA9367691A9000A20047578C /* MapKit.framework */; };
		DAA6D1451AA22160001D70B1 /* WRCFavoritesViewController.m in Sources */ = {isa = PBXBuildFile; fileRef = DAA6D1441AA22160001D70B1 /* WRCFavoritesViewController.m */; };
		DAD5EC071B3EEC0A0044FBF8 /* WRCAccountViewController.m in Sources */ = {isa = PBXBuildFile; fileRef = DAD5EC061B3EEC0A0044FBF8 /* WRCAccountViewController.m */; };
		DAD5EC0C1B3EF3B40044FBF8 /* WRCSetupLoginViewController.m in Sources */ = {isa = PBXBuildFile; fileRef = DAD5EC0B1B3EF3B40044FBF8 /* WRCSetupLoginViewController.m */; };
		DAFEAF5B1AA223B600F86151 /* WRCFavoritesTableViewHandler.m in Sources */ = {isa = PBXBuildFile; fileRef = DAFEAF5A1AA223B600F86151 /* WRCFavoritesTableViewHandler.m */; };
/* End PBXBuildFile section */

/* Begin PBXContainerItemProxy section */
		DA322F011A8FBAD800D9CEE8 /* PBXContainerItemProxy */ = {
			isa = PBXContainerItemProxy;
			containerPortal = DA322EDF1A8FBAD800D9CEE8 /* Project object */;
			proxyType = 1;
			remoteGlobalIDString = DA322EE61A8FBAD800D9CEE8;
			remoteInfo = WrightCycle;
		};
/* End PBXContainerItemProxy section */

/* Begin PBXFileReference section */
		6227A4CBE91ED54197257B43 /* Pods.release.xcconfig */ = {isa = PBXFileReference; includeInIndex = 1; lastKnownFileType = text.xcconfig; name = Pods.release.xcconfig; path = "Pods/Target Support Files/Pods/Pods.release.xcconfig"; sourceTree = "<group>"; };
		7DAC4622DEF8C4C362B5E7A8 /* Pods.framework */ = {isa = PBXFileReference; explicitFileType = wrapper.framework; includeInIndex = 0; path = Pods.framework; sourceTree = BUILT_PRODUCTS_DIR; };
		DA1D53BD1B2C88D200BD31E3 /* WRCFavoriteStationsManager.h */ = {isa = PBXFileReference; fileEncoding = 4; lastKnownFileType = sourcecode.c.h; name = WRCFavoriteStationsManager.h; path = Managers/WRCFavoriteStationsManager.h; sourceTree = "<group>"; };
		DA1D53BE1B2C88D200BD31E3 /* WRCFavoriteStationsManager.m */ = {isa = PBXFileReference; fileEncoding = 4; lastKnownFileType = sourcecode.c.objc; name = WRCFavoriteStationsManager.m; path = Managers/WRCFavoriteStationsManager.m; sourceTree = "<group>"; };
		DA3220591B3F0BAC00C2276A /* WrightCycle-Bridging-Header.h */ = {isa = PBXFileReference; lastKnownFileType = sourcecode.c.h; path = "WrightCycle-Bridging-Header.h"; sourceTree = "<group>"; };
		DA322EE71A8FBAD800D9CEE8 /* WrightCycle.app */ = {isa = PBXFileReference; explicitFileType = wrapper.application; includeInIndex = 0; path = WrightCycle.app; sourceTree = BUILT_PRODUCTS_DIR; };
		DA322EEB1A8FBAD800D9CEE8 /* Info.plist */ = {isa = PBXFileReference; lastKnownFileType = text.plist.xml; path = Info.plist; sourceTree = "<group>"; };
		DA322EEC1A8FBAD800D9CEE8 /* main.m */ = {isa = PBXFileReference; lastKnownFileType = sourcecode.c.objc; path = main.m; sourceTree = "<group>"; };
		DA322EEE1A8FBAD800D9CEE8 /* AppDelegate.h */ = {isa = PBXFileReference; lastKnownFileType = sourcecode.c.h; path = AppDelegate.h; sourceTree = "<group>"; };
		DA322EEF1A8FBAD800D9CEE8 /* AppDelegate.m */ = {isa = PBXFileReference; lastKnownFileType = sourcecode.c.objc; path = AppDelegate.m; sourceTree = "<group>"; };
		DA322EF51A8FBAD800D9CEE8 /* Base */ = {isa = PBXFileReference; lastKnownFileType = file.storyboard; name = Base; path = Base.lproj/Main.storyboard; sourceTree = "<group>"; };
		DA322EF71A8FBAD800D9CEE8 /* Images.xcassets */ = {isa = PBXFileReference; lastKnownFileType = folder.assetcatalog; path = Images.xcassets; sourceTree = "<group>"; };
		DA322EFA1A8FBAD800D9CEE8 /* Base */ = {isa = PBXFileReference; lastKnownFileType = file.xib; name = Base; path = Base.lproj/LaunchScreen.xib; sourceTree = "<group>"; };
		DA322F001A8FBAD800D9CEE8 /* WrightCycleTests.xctest */ = {isa = PBXFileReference; explicitFileType = wrapper.cfbundle; includeInIndex = 0; path = WrightCycleTests.xctest; sourceTree = BUILT_PRODUCTS_DIR; };
		DA322F051A8FBAD800D9CEE8 /* Info.plist */ = {isa = PBXFileReference; lastKnownFileType = text.plist.xml; path = Info.plist; sourceTree = "<group>"; };
		DA322F061A8FBAD800D9CEE8 /* WrightCycleTests.m */ = {isa = PBXFileReference; lastKnownFileType = sourcecode.c.objc; path = WrightCycleTests.m; sourceTree = "<group>"; };
		DA322F171A8FCB6A00D9CEE8 /* WRCLandingViewController.h */ = {isa = PBXFileReference; fileEncoding = 4; lastKnownFileType = sourcecode.c.h; path = WRCLandingViewController.h; sourceTree = "<group>"; };
		DA322F181A8FCB6A00D9CEE8 /* WRCLandingViewController.m */ = {isa = PBXFileReference; fileEncoding = 4; lastKnownFileType = sourcecode.c.objc; path = WRCLandingViewController.m; sourceTree = "<group>"; };
		DA322F1B1A8FCB8A00D9CEE8 /* Oswald-Bold.ttf */ = {isa = PBXFileReference; lastKnownFileType = file; path = "Oswald-Bold.ttf"; sourceTree = "<group>"; };
		DA322F1C1A8FCB8A00D9CEE8 /* Oswald-Light.ttf */ = {isa = PBXFileReference; lastKnownFileType = file; path = "Oswald-Light.ttf"; sourceTree = "<group>"; };
		DA322F1D1A8FCB8A00D9CEE8 /* Oswald-Regular.ttf */ = {isa = PBXFileReference; lastKnownFileType = file; path = "Oswald-Regular.ttf"; sourceTree = "<group>"; };
		DA322F211A8FCD3100D9CEE8 /* WRCNetworkingManager.h */ = {isa = PBXFileReference; fileEncoding = 4; lastKnownFileType = sourcecode.c.h; path = WRCNetworkingManager.h; sourceTree = "<group>"; };
		DA322F221A8FCD3100D9CEE8 /* WRCNetworkingManager.m */ = {isa = PBXFileReference; fileEncoding = 4; lastKnownFileType = sourcecode.c.objc; path = WRCNetworkingManager.m; sourceTree = "<group>"; };
		DA322F251A8FD2C600D9CEE8 /* WRCStation.h */ = {isa = PBXFileReference; fileEncoding = 4; lastKnownFileType = sourcecode.c.h; name = WRCStation.h; path = Model/WRCStation.h; sourceTree = "<group>"; };
		DA322F261A8FD2C600D9CEE8 /* WRCStation.m */ = {isa = PBXFileReference; fileEncoding = 4; lastKnownFileType = sourcecode.c.objc; name = WRCStation.m; path = Model/WRCStation.m; sourceTree = "<group>"; };
		DA8250881A98EE0E006717E4 /* WRCInterappURLManager.h */ = {isa = PBXFileReference; fileEncoding = 4; lastKnownFileType = sourcecode.c.h; name = WRCInterappURLManager.h; path = Managers/WRCInterappURLManager.h; sourceTree = "<group>"; };
		DA8250891A98EE0E006717E4 /* WRCInterappURLManager.m */ = {isa = PBXFileReference; fileEncoding = 4; lastKnownFileType = sourcecode.c.objc; name = WRCInterappURLManager.m; path = Managers/WRCInterappURLManager.m; sourceTree = "<group>"; };
		DA82508E1A98FE5C006717E4 /* NSURL+WRCAdditions.h */ = {isa = PBXFileReference; fileEncoding = 4; lastKnownFileType = sourcecode.c.h; name = "NSURL+WRCAdditions.h"; path = "Categories/NSURL+WRCAdditions.h"; sourceTree = "<group>"; };
		DA82508F1A98FE5C006717E4 /* NSURL+WRCAdditions.m */ = {isa = PBXFileReference; fileEncoding = 4; lastKnownFileType = sourcecode.c.objc; name = "NSURL+WRCAdditions.m"; path = "Categories/NSURL+WRCAdditions.m"; sourceTree = "<group>"; };
		DA86EB831A9007A0002C1FE6 /* WRCViewController.h */ = {isa = PBXFileReference; fileEncoding = 4; lastKnownFileType = sourcecode.c.h; path = WRCViewController.h; sourceTree = "<group>"; };
		DA86EB841A9007A0002C1FE6 /* WRCViewController.m */ = {isa = PBXFileReference; fileEncoding = 4; lastKnownFileType = sourcecode.c.objc; path = WRCViewController.m; sourceTree = "<group>"; };
		DA86EB871A900E6C002C1FE6 /* MKMapView+WRCAdditions.h */ = {isa = PBXFileReference; fileEncoding = 4; lastKnownFileType = sourcecode.c.h; name = "MKMapView+WRCAdditions.h"; path = "Categories/MKMapView+WRCAdditions.h"; sourceTree = "<group>"; };
		DA86EB881A900E6C002C1FE6 /* MKMapView+WRCAdditions.m */ = {isa = PBXFileReference; fileEncoding = 4; lastKnownFileType = sourcecode.c.objc; name = "MKMapView+WRCAdditions.m"; path = "Categories/MKMapView+WRCAdditions.m"; sourceTree = "<group>"; };
		DA86EB8C1A9011A7002C1FE6 /* WRCStationsMapViewHandler.h */ = {isa = PBXFileReference; fileEncoding = 4; lastKnownFileType = sourcecode.c.h; path = WRCStationsMapViewHandler.h; sourceTree = "<group>"; };
		DA86EB8D1A9011A7002C1FE6 /* WRCStationsMapViewHandler.m */ = {isa = PBXFileReference; fileEncoding = 4; lastKnownFileType = sourcecode.c.objc; path = WRCStationsMapViewHandler.m; sourceTree = "<group>"; };
		DA86EB931A9017C4002C1FE6 /* WRCStationAnnotationView.h */ = {isa = PBXFileReference; fileEncoding = 4; lastKnownFileType = sourcecode.c.h; name = WRCStationAnnotationView.h; path = Views/WRCStationAnnotationView.h; sourceTree = "<group>"; };
		DA86EB941A9017C4002C1FE6 /* WRCStationAnnotationView.m */ = {isa = PBXFileReference; fileEncoding = 4; lastKnownFileType = sourcecode.c.objc; name = WRCStationAnnotationView.m; path = Views/WRCStationAnnotationView.m; sourceTree = "<group>"; };
		DA86EB971A9035C9002C1FE6 /* WRCStationDetailsViewController.h */ = {isa = PBXFileReference; fileEncoding = 4; lastKnownFileType = sourcecode.c.h; path = WRCStationDetailsViewController.h; sourceTree = "<group>"; };
		DA86EB981A9035C9002C1FE6 /* WRCStationDetailsViewController.m */ = {isa = PBXFileReference; fileEncoding = 4; lastKnownFileType = sourcecode.c.objc; path = WRCStationDetailsViewController.m; sourceTree = "<group>"; };
		DA86EB9B1A904956002C1FE6 /* WRCStationDetailsMapViewHandler.h */ = {isa = PBXFileReference; fileEncoding = 4; lastKnownFileType = sourcecode.c.h; path = WRCStationDetailsMapViewHandler.h; sourceTree = "<group>"; };
		DA86EB9C1A904956002C1FE6 /* WRCStationDetailsMapViewHandler.m */ = {isa = PBXFileReference; fileEncoding = 4; lastKnownFileType = sourcecode.c.objc; path = WRCStationDetailsMapViewHandler.m; sourceTree = "<group>"; };
		DA9367661A9000830047578C /* WRCStationsMapViewController.h */ = {isa = PBXFileReference; fileEncoding = 4; lastKnownFileType = sourcecode.c.h; path = WRCStationsMapViewController.h; sourceTree = "<group>"; };
		DA9367671A9000830047578C /* WRCStationsMapViewController.m */ = {isa = PBXFileReference; fileEncoding = 4; lastKnownFileType = sourcecode.c.objc; path = WRCStationsMapViewController.m; sourceTree = "<group>"; };
		DA9367691A9000A20047578C /* MapKit.framework */ = {isa = PBXFileReference; lastKnownFileType = wrapper.framework; name = MapKit.framework; path = System/Library/Frameworks/MapKit.framework; sourceTree = SDKROOT; };
		DAA6D1431AA22160001D70B1 /* WRCFavoritesViewController.h */ = {isa = PBXFileReference; fileEncoding = 4; lastKnownFileType = sourcecode.c.h; path = WRCFavoritesViewController.h; sourceTree = "<group>"; };
		DAA6D1441AA22160001D70B1 /* WRCFavoritesViewController.m */ = {isa = PBXFileReference; fileEncoding = 4; lastKnownFileType = sourcecode.c.objc; path = WRCFavoritesViewController.m; sourceTree = "<group>"; };
		DAD5EC051B3EEC0A0044FBF8 /* WRCAccountViewController.h */ = {isa = PBXFileReference; fileEncoding = 4; lastKnownFileType = sourcecode.c.h; path = WRCAccountViewController.h; sourceTree = "<group>"; };
		DAD5EC061B3EEC0A0044FBF8 /* WRCAccountViewController.m */ = {isa = PBXFileReference; fileEncoding = 4; lastKnownFileType = sourcecode.c.objc; path = WRCAccountViewController.m; sourceTree = "<group>"; };
		DAD5EC091B3EEDD00044FBF8 /* Chicago, IL, USA.gpx */ = {isa = PBXFileReference; lastKnownFileType = text.xml; path = "Chicago, IL, USA.gpx"; sourceTree = "<group>"; };
		DAD5EC0A1B3EF3B40044FBF8 /* WRCSetupLoginViewController.h */ = {isa = PBXFileReference; fileEncoding = 4; lastKnownFileType = sourcecode.c.h; path = WRCSetupLoginViewController.h; sourceTree = "<group>"; };
		DAD5EC0B1B3EF3B40044FBF8 /* WRCSetupLoginViewController.m */ = {isa = PBXFileReference; fileEncoding = 4; lastKnownFileType = sourcecode.c.objc; path = WRCSetupLoginViewController.m; sourceTree = "<group>"; };
		DAFEAF591AA223B600F86151 /* WRCFavoritesTableViewHandler.h */ = {isa = PBXFileReference; fileEncoding = 4; lastKnownFileType = sourcecode.c.h; path = WRCFavoritesTableViewHandler.h; sourceTree = "<group>"; };
		DAFEAF5A1AA223B600F86151 /* WRCFavoritesTableViewHandler.m */ = {isa = PBXFileReference; fileEncoding = 4; lastKnownFileType = sourcecode.c.objc; path = WRCFavoritesTableViewHandler.m; sourceTree = "<group>"; };
		F81832382BDE3F1C5B9D0881 /* Pods.debug.xcconfig */ = {isa = PBXFileReference; includeInIndex = 1; lastKnownFileType = text.xcconfig; name = Pods.debug.xcconfig; path = "Pods/Target Support Files/Pods/Pods.debug.xcconfig"; sourceTree = "<group>"; };
/* End PBXFileReference section */

/* Begin PBXFrameworksBuildPhase section */
		DA322EE41A8FBAD800D9CEE8 /* Frameworks */ = {
			isa = PBXFrameworksBuildPhase;
			buildActionMask = 2147483647;
			files = (
				DA93676A1A9000A20047578C /* MapKit.framework in Frameworks */,
				2DABE78B8FDEDA5B9B54D47E /* Pods.framework in Frameworks */,
			);
			runOnlyForDeploymentPostprocessing = 0;
		};
		DA322EFD1A8FBAD800D9CEE8 /* Frameworks */ = {
			isa = PBXFrameworksBuildPhase;
			buildActionMask = 2147483647;
			files = (
			);
			runOnlyForDeploymentPostprocessing = 0;
		};
/* End PBXFrameworksBuildPhase section */

/* Begin PBXGroup section */
		B0B142E63179F7BFD2E3E41F /* Pods */ = {
			isa = PBXGroup;
			children = (
				F81832382BDE3F1C5B9D0881 /* Pods.debug.xcconfig */,
				6227A4CBE91ED54197257B43 /* Pods.release.xcconfig */,
			);
			name = Pods;
			sourceTree = "<group>";
		};
		D4DAEFEED01943F9B5E8D927 /* Frameworks */ = {
			isa = PBXGroup;
			children = (
				DA9367691A9000A20047578C /* MapKit.framework */,
				7DAC4622DEF8C4C362B5E7A8 /* Pods.framework */,
			);
			name = Frameworks;
			sourceTree = "<group>";
		};
		DA322EDE1A8FBAD800D9CEE8 = {
			isa = PBXGroup;
			children = (
				DA322EE91A8FBAD800D9CEE8 /* WrightCycle */,
				DA322F031A8FBAD800D9CEE8 /* WrightCycleTests */,
				DA322EE81A8FBAD800D9CEE8 /* Products */,
				D4DAEFEED01943F9B5E8D927 /* Frameworks */,
				B0B142E63179F7BFD2E3E41F /* Pods */,
			);
			sourceTree = "<group>";
		};
		DA322EE81A8FBAD800D9CEE8 /* Products */ = {
			isa = PBXGroup;
			children = (
				DA322EE71A8FBAD800D9CEE8 /* WrightCycle.app */,
				DA322F001A8FBAD800D9CEE8 /* WrightCycleTests.xctest */,
			);
			name = Products;
			sourceTree = "<group>";
		};
		DA322EE91A8FBAD800D9CEE8 /* WrightCycle */ = {
			isa = PBXGroup;
			children = (
				DA322EEE1A8FBAD800D9CEE8 /* AppDelegate.h */,
				DA322EEF1A8FBAD800D9CEE8 /* AppDelegate.m */,
				DA322F171A8FCB6A00D9CEE8 /* WRCLandingViewController.h */,
				DA322F181A8FCB6A00D9CEE8 /* WRCLandingViewController.m */,
				DAD5EC081B3EEC0E0044FBF8 /* Account Screen */,
				DA86EB961A9017CA002C1FE6 /* Annotation Views */,
				DA86EB8A1A900E71002C1FE6 /* Categories */,
				DAA6D1461AA22165001D70B1 /* Favorites Screen */,
				DA322F241A8FD28100D9CEE8 /* Managers */,
				DA322F281A8FDA0900D9CEE8 /* Model */,
				DA86EB9A1A9035CD002C1FE6 /* Station Details Screen */,
				DA86EB8B1A901149002C1FE6 /* Stations Map Screen */,
				DA86EB861A9007A4002C1FE6 /* Superclasses */,
				DA322EF41A8FBAD800D9CEE8 /* Main.storyboard */,
				DA322EF71A8FBAD800D9CEE8 /* Images.xcassets */,
				DA322EF91A8FBAD800D9CEE8 /* LaunchScreen.xib */,
				DA322EEA1A8FBAD800D9CEE8 /* Supporting Files */,
			);
			path = WrightCycle;
			sourceTree = "<group>";
		};
		DA322EEA1A8FBAD800D9CEE8 /* Supporting Files */ = {
			isa = PBXGroup;
			children = (
				DAD5EC091B3EEDD00044FBF8 /* Chicago, IL, USA.gpx */,
				DA322F1A1A8FCB8A00D9CEE8 /* Fonts */,
				DA322EEB1A8FBAD800D9CEE8 /* Info.plist */,
				DA322EEC1A8FBAD800D9CEE8 /* main.m */,
				DA3220591B3F0BAC00C2276A /* WrightCycle-Bridging-Header.h */,
			);
			name = "Supporting Files";
			sourceTree = "<group>";
		};
		DA322F031A8FBAD800D9CEE8 /* WrightCycleTests */ = {
			isa = PBXGroup;
			children = (
				DA322F061A8FBAD800D9CEE8 /* WrightCycleTests.m */,
				DA322F041A8FBAD800D9CEE8 /* Supporting Files */,
			);
			path = WrightCycleTests;
			sourceTree = "<group>";
		};
		DA322F041A8FBAD800D9CEE8 /* Supporting Files */ = {
			isa = PBXGroup;
			children = (
				DA322F051A8FBAD800D9CEE8 /* Info.plist */,
			);
			name = "Supporting Files";
			sourceTree = "<group>";
		};
		DA322F1A1A8FCB8A00D9CEE8 /* Fonts */ = {
			isa = PBXGroup;
			children = (
				DA322F1B1A8FCB8A00D9CEE8 /* Oswald-Bold.ttf */,
				DA322F1C1A8FCB8A00D9CEE8 /* Oswald-Light.ttf */,
				DA322F1D1A8FCB8A00D9CEE8 /* Oswald-Regular.ttf */,
			);
			path = Fonts;
			sourceTree = "<group>";
		};
		DA322F241A8FD28100D9CEE8 /* Managers */ = {
			isa = PBXGroup;
			children = (
				DA1D53BD1B2C88D200BD31E3 /* WRCFavoriteStationsManager.h */,
				DA1D53BE1B2C88D200BD31E3 /* WRCFavoriteStationsManager.m */,
				DA8250881A98EE0E006717E4 /* WRCInterappURLManager.h */,
				DA8250891A98EE0E006717E4 /* WRCInterappURLManager.m */,
				DA322F211A8FCD3100D9CEE8 /* WRCNetworkingManager.h */,
				DA322F221A8FCD3100D9CEE8 /* WRCNetworkingManager.m */,
			);
			name = Managers;
			sourceTree = "<group>";
		};
		DA322F281A8FDA0900D9CEE8 /* Model */ = {
			isa = PBXGroup;
			children = (
				DA322F251A8FD2C600D9CEE8 /* WRCStation.h */,
				DA322F261A8FD2C600D9CEE8 /* WRCStation.m */,
			);
			name = Model;
			sourceTree = "<group>";
		};
		DA86EB861A9007A4002C1FE6 /* Superclasses */ = {
			isa = PBXGroup;
			children = (
				DA86EB831A9007A0002C1FE6 /* WRCViewController.h */,
				DA86EB841A9007A0002C1FE6 /* WRCViewController.m */,
			);
			name = Superclasses;
			sourceTree = "<group>";
		};
		DA86EB8A1A900E71002C1FE6 /* Categories */ = {
			isa = PBXGroup;
			children = (
				DA86EB871A900E6C002C1FE6 /* MKMapView+WRCAdditions.h */,
				DA86EB881A900E6C002C1FE6 /* MKMapView+WRCAdditions.m */,
				DA82508E1A98FE5C006717E4 /* NSURL+WRCAdditions.h */,
				DA82508F1A98FE5C006717E4 /* NSURL+WRCAdditions.m */,
			);
			name = Categories;
			sourceTree = "<group>";
		};
		DA86EB8B1A901149002C1FE6 /* Stations Map Screen */ = {
			isa = PBXGroup;
			children = (
				DA9367661A9000830047578C /* WRCStationsMapViewController.h */,
				DA9367671A9000830047578C /* WRCStationsMapViewController.m */,
				DA86EB8C1A9011A7002C1FE6 /* WRCStationsMapViewHandler.h */,
				DA86EB8D1A9011A7002C1FE6 /* WRCStationsMapViewHandler.m */,
			);
			name = "Stations Map Screen";
			sourceTree = "<group>";
		};
		DA86EB961A9017CA002C1FE6 /* Annotation Views */ = {
			isa = PBXGroup;
			children = (
				DA86EB931A9017C4002C1FE6 /* WRCStationAnnotationView.h */,
				DA86EB941A9017C4002C1FE6 /* WRCStationAnnotationView.m */,
			);
			name = "Annotation Views";
			sourceTree = "<group>";
		};
		DA86EB9A1A9035CD002C1FE6 /* Station Details Screen */ = {
			isa = PBXGroup;
			children = (
				DA86EB971A9035C9002C1FE6 /* WRCStationDetailsViewController.h */,
				DA86EB981A9035C9002C1FE6 /* WRCStationDetailsViewController.m */,
				DA86EB9B1A904956002C1FE6 /* WRCStationDetailsMapViewHandler.h */,
				DA86EB9C1A904956002C1FE6 /* WRCStationDetailsMapViewHandler.m */,
			);
			name = "Station Details Screen";
			sourceTree = "<group>";
		};
		DAA6D1461AA22165001D70B1 /* Favorites Screen */ = {
			isa = PBXGroup;
			children = (
				DAA6D1431AA22160001D70B1 /* WRCFavoritesViewController.h */,
				DAA6D1441AA22160001D70B1 /* WRCFavoritesViewController.m */,
				DAFEAF591AA223B600F86151 /* WRCFavoritesTableViewHandler.h */,
				DAFEAF5A1AA223B600F86151 /* WRCFavoritesTableViewHandler.m */,
			);
			name = "Favorites Screen";
			sourceTree = "<group>";
		};
		DAD5EC081B3EEC0E0044FBF8 /* Account Screen */ = {
			isa = PBXGroup;
			children = (
				DAD5EC051B3EEC0A0044FBF8 /* WRCAccountViewController.h */,
				DAD5EC061B3EEC0A0044FBF8 /* WRCAccountViewController.m */,
				DAD5EC0A1B3EF3B40044FBF8 /* WRCSetupLoginViewController.h */,
				DAD5EC0B1B3EF3B40044FBF8 /* WRCSetupLoginViewController.m */,
			);
			name = "Account Screen";
			sourceTree = "<group>";
		};
/* End PBXGroup section */

/* Begin PBXNativeTarget section */
		DA322EE61A8FBAD800D9CEE8 /* WrightCycle */ = {
			isa = PBXNativeTarget;
			buildConfigurationList = DA322F0A1A8FBAD800D9CEE8 /* Build configuration list for PBXNativeTarget "WrightCycle" */;
			buildPhases = (
				DCCB46A524E9446895458748 /* Check Pods Manifest.lock */,
				DA322EE31A8FBAD800D9CEE8 /* Sources */,
				DA322EE41A8FBAD800D9CEE8 /* Frameworks */,
				DA322EE51A8FBAD800D9CEE8 /* Resources */,
				DF67375E3E6A40CB9437D41F /* Copy Pods Resources */,
				3F3B67D07FE4CB6AC159141A /* Embed Pods Frameworks */,
			);
			buildRules = (
			);
			dependencies = (
			);
			name = WrightCycle;
			productName = WrightCycle;
			productReference = DA322EE71A8FBAD800D9CEE8 /* WrightCycle.app */;
			productType = "com.apple.product-type.application";
		};
		DA322EFF1A8FBAD800D9CEE8 /* WrightCycleTests */ = {
			isa = PBXNativeTarget;
			buildConfigurationList = DA322F0D1A8FBAD800D9CEE8 /* Build configuration list for PBXNativeTarget "WrightCycleTests" */;
			buildPhases = (
				DA322EFC1A8FBAD800D9CEE8 /* Sources */,
				DA322EFD1A8FBAD800D9CEE8 /* Frameworks */,
				DA322EFE1A8FBAD800D9CEE8 /* Resources */,
			);
			buildRules = (
			);
			dependencies = (
				DA322F021A8FBAD800D9CEE8 /* PBXTargetDependency */,
			);
			name = WrightCycleTests;
			productName = WrightCycleTests;
			productReference = DA322F001A8FBAD800D9CEE8 /* WrightCycleTests.xctest */;
			productType = "com.apple.product-type.bundle.unit-test";
		};
/* End PBXNativeTarget section */

/* Begin PBXProject section */
		DA322EDF1A8FBAD800D9CEE8 /* Project object */ = {
			isa = PBXProject;
			attributes = {
				LastUpgradeCheck = 0610;
				ORGANIZATIONNAME = "Rob Timpone";
				TargetAttributes = {
					DA322EE61A8FBAD800D9CEE8 = {
						CreatedOnToolsVersion = 6.1.1;
					};
					DA322EFF1A8FBAD800D9CEE8 = {
						CreatedOnToolsVersion = 6.1.1;
						TestTargetID = DA322EE61A8FBAD800D9CEE8;
					};
				};
			};
			buildConfigurationList = DA322EE21A8FBAD800D9CEE8 /* Build configuration list for PBXProject "WrightCycle" */;
			compatibilityVersion = "Xcode 3.2";
			developmentRegion = English;
			hasScannedForEncodings = 0;
			knownRegions = (
				en,
				Base,
			);
			mainGroup = DA322EDE1A8FBAD800D9CEE8;
			productRefGroup = DA322EE81A8FBAD800D9CEE8 /* Products */;
			projectDirPath = "";
			projectRoot = "";
			targets = (
				DA322EE61A8FBAD800D9CEE8 /* WrightCycle */,
				DA322EFF1A8FBAD800D9CEE8 /* WrightCycleTests */,
			);
		};
/* End PBXProject section */

/* Begin PBXResourcesBuildPhase section */
		DA322EE51A8FBAD800D9CEE8 /* Resources */ = {
			isa = PBXResourcesBuildPhase;
			buildActionMask = 2147483647;
			files = (
				DA322F2C1A8FDEE600D9CEE8 /* LaunchScreen.xib in Resources */,
				DA322F291A8FDEBE00D9CEE8 /* Oswald-Bold.ttf in Resources */,
				DA322F2A1A8FDEBE00D9CEE8 /* Oswald-Light.ttf in Resources */,
				DA322F2B1A8FDEBE00D9CEE8 /* Oswald-Regular.ttf in Resources */,
				DA322EF61A8FBAD800D9CEE8 /* Main.storyboard in Resources */,
				DA322EF81A8FBAD800D9CEE8 /* Images.xcassets in Resources */,
			);
			runOnlyForDeploymentPostprocessing = 0;
		};
		DA322EFE1A8FBAD800D9CEE8 /* Resources */ = {
			isa = PBXResourcesBuildPhase;
			buildActionMask = 2147483647;
			files = (
			);
			runOnlyForDeploymentPostprocessing = 0;
		};
/* End PBXResourcesBuildPhase section */

/* Begin PBXShellScriptBuildPhase section */
		3F3B67D07FE4CB6AC159141A /* Embed Pods Frameworks */ = {
			isa = PBXShellScriptBuildPhase;
			buildActionMask = 2147483647;
			files = (
			);
			inputPaths = (
			);
			name = "Embed Pods Frameworks";
			outputPaths = (
			);
			runOnlyForDeploymentPostprocessing = 0;
			shellPath = /bin/sh;
			shellScript = "\"${SRCROOT}/Pods/Target Support Files/Pods/Pods-frameworks.sh\"\n";
			showEnvVarsInLog = 0;
		};
		DCCB46A524E9446895458748 /* Check Pods Manifest.lock */ = {
			isa = PBXShellScriptBuildPhase;
			buildActionMask = 2147483647;
			files = (
			);
			inputPaths = (
			);
			name = "Check Pods Manifest.lock";
			outputPaths = (
			);
			runOnlyForDeploymentPostprocessing = 0;
			shellPath = /bin/sh;
			shellScript = "diff \"${PODS_ROOT}/../Podfile.lock\" \"${PODS_ROOT}/Manifest.lock\" > /dev/null\nif [[ $? != 0 ]] ; then\n    cat << EOM\nerror: The sandbox is not in sync with the Podfile.lock. Run 'pod install' or update your CocoaPods installation.\nEOM\n    exit 1\nfi\n";
			showEnvVarsInLog = 0;
		};
		DF67375E3E6A40CB9437D41F /* Copy Pods Resources */ = {
			isa = PBXShellScriptBuildPhase;
			buildActionMask = 2147483647;
			files = (
			);
			inputPaths = (
			);
			name = "Copy Pods Resources";
			outputPaths = (
			);
			runOnlyForDeploymentPostprocessing = 0;
			shellPath = /bin/sh;
			shellScript = "\"${SRCROOT}/Pods/Target Support Files/Pods/Pods-resources.sh\"\n";
			showEnvVarsInLog = 0;
		};
/* End PBXShellScriptBuildPhase section */

/* Begin PBXSourcesBuildPhase section */
		DA322EE31A8FBAD800D9CEE8 /* Sources */ = {
			isa = PBXSourcesBuildPhase;
			buildActionMask = 2147483647;
			files = (
				DA322F231A8FCD3100D9CEE8 /* WRCNetworkingManager.m in Sources */,
				DAD5EC071B3EEC0A0044FBF8 /* WRCAccountViewController.m in Sources */,
				DA86EB9D1A904956002C1FE6 /* WRCStationDetailsMapViewHandler.m in Sources */,
				DA9367681A9000830047578C /* WRCStationsMapViewController.m in Sources */,
				DAA6D1451AA22160001D70B1 /* WRCFavoritesViewController.m in Sources */,
				DA86EB891A900E6C002C1FE6 /* MKMapView+WRCAdditions.m in Sources */,
				DA86EB951A9017C4002C1FE6 /* WRCStationAnnotationView.m in Sources */,
				DA322EF01A8FBAD800D9CEE8 /* AppDelegate.m in Sources */,
				DA82508A1A98EE0E006717E4 /* WRCInterappURLManager.m in Sources */,
				DA8250901A98FE5C006717E4 /* NSURL+WRCAdditions.m in Sources */,
				DAD5EC0C1B3EF3B40044FBF8 /* WRCSetupLoginViewController.m in Sources */,
				DA86EB8E1A9011A7002C1FE6 /* WRCStationsMapViewHandler.m in Sources */,
				DAFEAF5B1AA223B600F86151 /* WRCFavoritesTableViewHandler.m in Sources */,
				DA1D53BF1B2C88D200BD31E3 /* WRCFavoriteStationsManager.m in Sources */,
				DA322EED1A8FBAD800D9CEE8 /* main.m in Sources */,
				DA86EB851A9007A0002C1FE6 /* WRCViewController.m in Sources */,
				DA322F191A8FCB6A00D9CEE8 /* WRCLandingViewController.m in Sources */,
				DA86EB991A9035C9002C1FE6 /* WRCStationDetailsViewController.m in Sources */,
				DA322F271A8FD2C600D9CEE8 /* WRCStation.m in Sources */,
			);
			runOnlyForDeploymentPostprocessing = 0;
		};
		DA322EFC1A8FBAD800D9CEE8 /* Sources */ = {
			isa = PBXSourcesBuildPhase;
			buildActionMask = 2147483647;
			files = (
				DA322F071A8FBAD800D9CEE8 /* WrightCycleTests.m in Sources */,
			);
			runOnlyForDeploymentPostprocessing = 0;
		};
/* End PBXSourcesBuildPhase section */

/* Begin PBXTargetDependency section */
		DA322F021A8FBAD800D9CEE8 /* PBXTargetDependency */ = {
			isa = PBXTargetDependency;
			target = DA322EE61A8FBAD800D9CEE8 /* WrightCycle */;
			targetProxy = DA322F011A8FBAD800D9CEE8 /* PBXContainerItemProxy */;
		};
/* End PBXTargetDependency section */

/* Begin PBXVariantGroup section */
		DA322EF41A8FBAD800D9CEE8 /* Main.storyboard */ = {
			isa = PBXVariantGroup;
			children = (
				DA322EF51A8FBAD800D9CEE8 /* Base */,
			);
			name = Main.storyboard;
			sourceTree = "<group>";
		};
		DA322EF91A8FBAD800D9CEE8 /* LaunchScreen.xib */ = {
			isa = PBXVariantGroup;
			children = (
				DA322EFA1A8FBAD800D9CEE8 /* Base */,
			);
			name = LaunchScreen.xib;
			sourceTree = "<group>";
		};
/* End PBXVariantGroup section */

/* Begin XCBuildConfiguration section */
		DA322F081A8FBAD800D9CEE8 /* Debug */ = {
			isa = XCBuildConfiguration;
			buildSettings = {
				ALWAYS_SEARCH_USER_PATHS = NO;
				CLANG_CXX_LANGUAGE_STANDARD = "gnu++0x";
				CLANG_CXX_LIBRARY = "libc++";
				CLANG_ENABLE_MODULES = YES;
				CLANG_ENABLE_OBJC_ARC = YES;
				CLANG_WARN_BOOL_CONVERSION = YES;
				CLANG_WARN_CONSTANT_CONVERSION = YES;
				CLANG_WARN_DIRECT_OBJC_ISA_USAGE = YES_ERROR;
				CLANG_WARN_EMPTY_BODY = YES;
				CLANG_WARN_ENUM_CONVERSION = YES;
				CLANG_WARN_INT_CONVERSION = YES;
				CLANG_WARN_OBJC_ROOT_CLASS = YES_ERROR;
				CLANG_WARN_UNREACHABLE_CODE = YES;
				CLANG_WARN__DUPLICATE_METHOD_MATCH = YES;
				"CODE_SIGN_IDENTITY[sdk=iphoneos*]" = "iPhone Developer";
				COPY_PHASE_STRIP = NO;
				DEFINES_MODULE = NO;
				ENABLE_STRICT_OBJC_MSGSEND = YES;
				GCC_C_LANGUAGE_STANDARD = gnu99;
				GCC_DYNAMIC_NO_PIC = NO;
				GCC_OPTIMIZATION_LEVEL = 0;
				GCC_PREPROCESSOR_DEFINITIONS = (
					"DEBUG=1",
					"$(inherited)",
				);
				GCC_SYMBOLS_PRIVATE_EXTERN = NO;
				GCC_WARN_64_TO_32_BIT_CONVERSION = YES;
				GCC_WARN_ABOUT_RETURN_TYPE = YES_ERROR;
				GCC_WARN_UNDECLARED_SELECTOR = YES;
				GCC_WARN_UNINITIALIZED_AUTOS = YES_AGGRESSIVE;
				GCC_WARN_UNUSED_FUNCTION = YES;
				GCC_WARN_UNUSED_VARIABLE = YES;
				IPHONEOS_DEPLOYMENT_TARGET = 8.1;
				MTL_ENABLE_DEBUG_INFO = YES;
				ONLY_ACTIVE_ARCH = YES;
				SDKROOT = iphoneos;
				TARGETED_DEVICE_FAMILY = "1,2";
			};
			name = Debug;
		};
		DA322F091A8FBAD800D9CEE8 /* Release */ = {
			isa = XCBuildConfiguration;
			buildSettings = {
				ALWAYS_SEARCH_USER_PATHS = NO;
				CLANG_CXX_LANGUAGE_STANDARD = "gnu++0x";
				CLANG_CXX_LIBRARY = "libc++";
				CLANG_ENABLE_MODULES = YES;
				CLANG_ENABLE_OBJC_ARC = YES;
				CLANG_WARN_BOOL_CONVERSION = YES;
				CLANG_WARN_CONSTANT_CONVERSION = YES;
				CLANG_WARN_DIRECT_OBJC_ISA_USAGE = YES_ERROR;
				CLANG_WARN_EMPTY_BODY = YES;
				CLANG_WARN_ENUM_CONVERSION = YES;
				CLANG_WARN_INT_CONVERSION = YES;
				CLANG_WARN_OBJC_ROOT_CLASS = YES_ERROR;
				CLANG_WARN_UNREACHABLE_CODE = YES;
				CLANG_WARN__DUPLICATE_METHOD_MATCH = YES;
				"CODE_SIGN_IDENTITY[sdk=iphoneos*]" = "iPhone Developer";
				COPY_PHASE_STRIP = YES;
				DEFINES_MODULE = NO;
				ENABLE_NS_ASSERTIONS = NO;
				ENABLE_STRICT_OBJC_MSGSEND = YES;
				GCC_C_LANGUAGE_STANDARD = gnu99;
				GCC_WARN_64_TO_32_BIT_CONVERSION = YES;
				GCC_WARN_ABOUT_RETURN_TYPE = YES_ERROR;
				GCC_WARN_UNDECLARED_SELECTOR = YES;
				GCC_WARN_UNINITIALIZED_AUTOS = YES_AGGRESSIVE;
				GCC_WARN_UNUSED_FUNCTION = YES;
				GCC_WARN_UNUSED_VARIABLE = YES;
				IPHONEOS_DEPLOYMENT_TARGET = 8.1;
				MTL_ENABLE_DEBUG_INFO = NO;
				SDKROOT = iphoneos;
				TARGETED_DEVICE_FAMILY = "1,2";
				VALIDATE_PRODUCT = YES;
			};
			name = Release;
		};
		DA322F0B1A8FBAD800D9CEE8 /* Debug */ = {
			isa = XCBuildConfiguration;
			baseConfigurationReference = F81832382BDE3F1C5B9D0881 /* Pods.debug.xcconfig */;
			buildSettings = {
				ASSETCATALOG_COMPILER_APPICON_NAME = AppIcon;
				CLANG_ENABLE_MODULES = YES;
				INFOPLIST_FILE = WrightCycle/Info.plist;
				LD_RUNPATH_SEARCH_PATHS = "$(inherited) @executable_path/Frameworks";
				PRODUCT_NAME = "$(TARGET_NAME)";
				SWIFT_OBJC_BRIDGING_HEADER = "WrightCycle/WrightCycle-Bridging-Header.h";
				SWIFT_OPTIMIZATION_LEVEL = "-Onone";
			};
			name = Debug;
		};
		DA322F0C1A8FBAD800D9CEE8 /* Release */ = {
			isa = XCBuildConfiguration;
			baseConfigurationReference = 6227A4CBE91ED54197257B43 /* Pods.release.xcconfig */;
			buildSettings = {
				ASSETCATALOG_COMPILER_APPICON_NAME = AppIcon;
				CLANG_ENABLE_MODULES = YES;
				INFOPLIST_FILE = WrightCycle/Info.plist;
				LD_RUNPATH_SEARCH_PATHS = "$(inherited) @executable_path/Frameworks";
				PRODUCT_NAME = "$(TARGET_NAME)";
				SWIFT_OBJC_BRIDGING_HEADER = "WrightCycle/WrightCycle-Bridging-Header.h";
			};
			name = Release;
		};
		DA322F0E1A8FBAD800D9CEE8 /* Debug */ = {
			isa = XCBuildConfiguration;
			baseConfigurationReference = F81832382BDE3F1C5B9D0881 /* Pods.debug.xcconfig */;
			buildSettings = {
				BUNDLE_LOADER = "$(TEST_HOST)";
				FRAMEWORK_SEARCH_PATHS = (
					"$(SDKROOT)/Developer/Library/Frameworks",
					"$(inherited)",
				);
				GCC_PREPROCESSOR_DEFINITIONS = (
					"DEBUG=1",
					"$(inherited)",
				);
				INFOPLIST_FILE = WrightCycleTests/Info.plist;
				LD_RUNPATH_SEARCH_PATHS = "$(inherited) @executable_path/Frameworks @loader_path/Frameworks";
				PRODUCT_NAME = "$(TARGET_NAME)";
				TEST_HOST = "$(BUILT_PRODUCTS_DIR)/WrightCycle.app/WrightCycle";
			};
			name = Debug;
		};
		DA322F0F1A8FBAD800D9CEE8 /* Release */ = {
			isa = XCBuildConfiguration;
			baseConfigurationReference = 6227A4CBE91ED54197257B43 /* Pods.release.xcconfig */;
			buildSettings = {
				BUNDLE_LOADER = "$(TEST_HOST)";
				FRAMEWORK_SEARCH_PATHS = (
					"$(SDKROOT)/Developer/Library/Frameworks",
					"$(inherited)",
				);
				INFOPLIST_FILE = WrightCycleTests/Info.plist;
				LD_RUNPATH_SEARCH_PATHS = "$(inherited) @executable_path/Frameworks @loader_path/Frameworks";
				PRODUCT_NAME = "$(TARGET_NAME)";
				TEST_HOST = "$(BUILT_PRODUCTS_DIR)/WrightCycle.app/WrightCycle";
			};
			name = Release;
		};
/* End XCBuildConfiguration section */

/* Begin XCConfigurationList section */
		DA322EE21A8FBAD800D9CEE8 /* Build configuration list for PBXProject "WrightCycle" */ = {
			isa = XCConfigurationList;
			buildConfigurations = (
				DA322F081A8FBAD800D9CEE8 /* Debug */,
				DA322F091A8FBAD800D9CEE8 /* Release */,
			);
			defaultConfigurationIsVisible = 0;
			defaultConfigurationName = Release;
		};
		DA322F0A1A8FBAD800D9CEE8 /* Build configuration list for PBXNativeTarget "WrightCycle" */ = {
			isa = XCConfigurationList;
			buildConfigurations = (
				DA322F0B1A8FBAD800D9CEE8 /* Debug */,
				DA322F0C1A8FBAD800D9CEE8 /* Release */,
			);
			defaultConfigurationIsVisible = 0;
			defaultConfigurationName = Release;
		};
		DA322F0D1A8FBAD800D9CEE8 /* Build configuration list for PBXNativeTarget "WrightCycleTests" */ = {
			isa = XCConfigurationList;
			buildConfigurations = (
				DA322F0E1A8FBAD800D9CEE8 /* Debug */,
				DA322F0F1A8FBAD800D9CEE8 /* Release */,
			);
			defaultConfigurationIsVisible = 0;
			defaultConfigurationName = Release;
		};
/* End XCConfigurationList section */
	};
	rootObject = DA322EDF1A8FBAD800D9CEE8 /* Project object */;
}
